
Microsoft Visual Studio Solution File, Format Version 12.00
# Visual Studio Version 16
VisualStudioVersion = 16.0.29911.84
MinimumVisualStudioVersion = 10.0.40219.1
Project("{FAE04EC0-301F-11D3-BF4B-00C04F79EFBC}") = "TasksAppXamarin.Android", "TasksAppXamarin\TasksAppXamarin.Android\TasksAppXamarin.Android.csproj", "{DD91022E-73D3-47BF-A9A6-422FC967D0ED}"
EndProject
Project("{FAE04EC0-301F-11D3-BF4B-00C04F79EFBC}") = "TasksAppXamarin", "TasksAppXamarin\TasksAppXamarin\TasksAppXamarin.csproj", "{759DFE63-83C5-4189-A326-8A851FD9A9FD}"
EndProject
Global
	GlobalSection(SolutionConfigurationPlatforms) = preSolution
		Debug|Any CPU = Debug|Any CPU
		Release|Any CPU = Release|Any CPU
	EndGlobalSection
	GlobalSection(ProjectConfigurationPlatforms) = postSolution
		{DD91022E-73D3-47BF-A9A6-422FC967D0ED}.Debug|Any CPU.ActiveCfg = Debug|Any CPU
		{DD91022E-73D3-47BF-A9A6-422FC967D0ED}.Debug|Any CPU.Build.0 = Debug|Any CPU
		{DD91022E-73D3-47BF-A9A6-422FC967D0ED}.Debug|Any CPU.Deploy.0 = Debug|Any CPU
		{DD91022E-73D3-47BF-A9A6-422FC967D0ED}.Release|Any CPU.ActiveCfg = Release|Any CPU
		{DD91022E-73D3-47BF-A9A6-422FC967D0ED}.Release|Any CPU.Build.0 = Release|Any CPU
		{DD91022E-73D3-47BF-A9A6-422FC967D0ED}.Release|Any CPU.Deploy.0 = Release|Any CPU
		{759DFE63-83C5-4189-A326-8A851FD9A9FD}.Debug|Any CPU.ActiveCfg = Debug|Any CPU
		{759DFE63-83C5-4189-A326-8A851FD9A9FD}.Debug|Any CPU.Build.0 = Debug|Any CPU
		{759DFE63-83C5-4189-A326-8A851FD9A9FD}.Debug|Any CPU.Deploy.0 = Debug|Any CPU
		{759DFE63-83C5-4189-A326-8A851FD9A9FD}.Release|Any CPU.ActiveCfg = Release|Any CPU
		{759DFE63-83C5-4189-A326-8A851FD9A9FD}.Release|Any CPU.Build.0 = Release|Any CPU
		{759DFE63-83C5-4189-A326-8A851FD9A9FD}.Release|Any CPU.Deploy.0 = Release|Any CPU
	EndGlobalSection
	GlobalSection(SolutionProperties) = preSolution
		HideSolutionNode = FALSE
	EndGlobalSection
	GlobalSection(ExtensibilityGlobals) = postSolution
		SolutionGuid = {AD408193-E267-4035-B46C-F9F1DDF7FED8}
	EndGlobalSection
EndGlobal
